
Microsoft Visual Studio Solution File, Format Version 12.00
# Visual Studio 14
VisualStudioVersion = 14.0.25420.1
MinimumVisualStudioVersion = 10.0.40219.1
Project("{FAE04EC0-301F-11D3-BF4B-00C04F79EFBC}") = "ThreadSave", "ThreadSave\ThreadSave.csproj", "{51C5A139-6125-4A13-92A1-F28FA2E052DB}"
EndProject
Project("{FAE04EC0-301F-11D3-BF4B-00C04F79EFBC}") = "TesteThreadSave", "TesteThreadSave\TesteThreadSave.csproj", "{ACF9F38F-851D-4D8B-BED9-782313D70FC0}"
EndProject
Project("{FAE04EC0-301F-11D3-BF4B-00C04F79EFBC}") = "ClassEngCarlosMartins", "Teste\ClassEngCarlosMartins.csproj", "{E79D13D1-A030-471D-82B1-338F0C6BD42B}"
EndProject
Project("{FAE04EC0-301F-11D3-BF4B-00C04F79EFBC}") = "TesteTempos", "TesteTempos\TesteTempos.csproj", "{F3676C30-7BFE-4B4F-A338-63918E35AD00}"
EndProject
Global
	GlobalSection(SolutionConfigurationPlatforms) = preSolution
		Debug|Any CPU = Debug|Any CPU
		Release|Any CPU = Release|Any CPU
	EndGlobalSection
	GlobalSection(ProjectConfigurationPlatforms) = postSolution
		{51C5A139-6125-4A13-92A1-F28FA2E052DB}.Debug|Any CPU.ActiveCfg = Debug|Any CPU
		{51C5A139-6125-4A13-92A1-F28FA2E052DB}.Debug|Any CPU.Build.0 = Debug|Any CPU
		{51C5A139-6125-4A13-92A1-F28FA2E052DB}.Release|Any CPU.ActiveCfg = Release|Any CPU
		{51C5A139-6125-4A13-92A1-F28FA2E052DB}.Release|Any CPU.Build.0 = Release|Any CPU
		{ACF9F38F-851D-4D8B-BED9-782313D70FC0}.Debug|Any CPU.ActiveCfg = Debug|Any CPU
		{ACF9F38F-851D-4D8B-BED9-782313D70FC0}.Debug|Any CPU.Build.0 = Debug|Any CPU
		{ACF9F38F-851D-4D8B-BED9-782313D70FC0}.Release|Any CPU.ActiveCfg = Release|Any CPU
		{ACF9F38F-851D-4D8B-BED9-782313D70FC0}.Release|Any CPU.Build.0 = Release|Any CPU
		{E79D13D1-A030-471D-82B1-338F0C6BD42B}.Debug|Any CPU.ActiveCfg = Debug|Any CPU
		{E79D13D1-A030-471D-82B1-338F0C6BD42B}.Debug|Any CPU.Build.0 = Debug|Any CPU
		{E79D13D1-A030-471D-82B1-338F0C6BD42B}.Release|Any CPU.ActiveCfg = Release|Any CPU
		{E79D13D1-A030-471D-82B1-338F0C6BD42B}.Release|Any CPU.Build.0 = Release|Any CPU
		{F3676C30-7BFE-4B4F-A338-63918E35AD00}.Debug|Any CPU.ActiveCfg = Debug|Any CPU
		{F3676C30-7BFE-4B4F-A338-63918E35AD00}.Debug|Any CPU.Build.0 = Debug|Any CPU
		{F3676C30-7BFE-4B4F-A338-63918E35AD00}.Release|Any CPU.ActiveCfg = Release|Any CPU
		{F3676C30-7BFE-4B4F-A338-63918E35AD00}.Release|Any CPU.Build.0 = Release|Any CPU
	EndGlobalSection
	GlobalSection(SolutionProperties) = preSolution
		HideSolutionNode = FALSE
	EndGlobalSection
EndGlobal
